
Microsoft Visual Studio Solution File, Format Version 12.00
# Visual Studio 15
VisualStudioVersion = 15.0.28010.2036
MinimumVisualStudioVersion = 10.0.40219.1
Project("{FAE04EC0-301F-11D3-BF4B-00C04F79EFBC}") = "Gighub", "Gighub\Gighub.csproj", "{93F60736-025E-4324-949B-A572F105B118}"
EndProject
Global
	GlobalSection(SolutionConfigurationPlatforms) = preSolution
		Debug|Any CPU = Debug|Any CPU
		Release|Any CPU = Release|Any CPU
	EndGlobalSection
	GlobalSection(ProjectConfigurationPlatforms) = postSolution
		{93F60736-025E-4324-949B-A572F105B118}.Debug|Any CPU.ActiveCfg = Debug|Any CPU
		{93F60736-025E-4324-949B-A572F105B118}.Debug|Any CPU.Build.0 = Debug|Any CPU
		{93F60736-025E-4324-949B-A572F105B118}.Release|Any CPU.ActiveCfg = Release|Any CPU
		{93F60736-025E-4324-949B-A572F105B118}.Release|Any CPU.Build.0 = Release|Any CPU
	EndGlobalSection
	GlobalSection(SolutionProperties) = preSolution
		HideSolutionNode = FALSE
	EndGlobalSection
	GlobalSection(ExtensibilityGlobals) = postSolution
		SolutionGuid = {D162ACCD-49A5-4CAC-98DB-AF4684B997BE}
	EndGlobalSection
EndGlobal
